{
  "name": "eshop",
  "version": "1.0.0",
  "lockfileVersion": 2,
  "requires": true,
  "packages": {
    "": {
      "version": "1.0.0",
      "license": "ISC",
      "dependencies": {
        "nintendo-switch-eshop": "^6.0.1",
        "tslib": "^2.3.0"
      }
    },
    "node_modules/@types/country-data": {
      "version": "0.0.2",
      "resolved": "https://registry.npmjs.org/@types/country-data/-/country-data-0.0.2.tgz",
      "integrity": "sha512-9TtlOfoHEMWojmAV1IoisMlM9kXGw4QDAamkXUiCZBtU9sY3187naTc1OXwD3QVE1mMkPZbBVdyjVdBu7wJlNA=="
    },
    "node_modules/country-data": {
      "version": "0.0.31",
      "resolved": "https://registry.npmjs.org/country-data/-/country-data-0.0.31.tgz",
      "integrity": "sha1-gJZrjh0Uf6bWpYnTKTP4eTd0lW0=",
      "dependencies": {
        "currency-symbol-map": "~2",
        "underscore": ">1.4.4"
      }
    },
    "node_modules/currency-symbol-map": {
      "version": "2.2.0",
      "resolved": "https://registry.npmjs.org/currency-symbol-map/-/currency-symbol-map-2.2.0.tgz",
      "integrity": "sha1-KzwYcv8aws5ZXYJz5Y4f/wJyrqI="
    },
    "node_modules/fast-xml-parser": {
      "version": "3.19.0",
      "resolved": "https://registry.npmjs.org/fast-xml-parser/-/fast-xml-parser-3.19.0.tgz",
      "integrity": "sha512-4pXwmBplsCPv8FOY1WRakF970TjNGnGnfbOnLqjlYvMiF1SR3yOHyxMR/YCXpPTOspNF5gwudqktIP4VsWkvBg==",
      "bin": {
        "xml2js": "cli.js"
      },
      "funding": {
        "type": "paypal",
        "url": "https://paypal.me/naturalintelligence"
      }
    },
    "node_modules/nintendo-switch-eshop": {
      "version": "6.0.1",
      "resolved": "https://registry.npmjs.org/nintendo-switch-eshop/-/nintendo-switch-eshop-6.0.1.tgz",
      "integrity": "sha512-2al1HIOuJtGwwulZwHWzKyNtVEmsQ6orPd4bWrkwhO6BSfyPuLY/YHIAJtZkYLb73YLTxUpF+Q+g6HV2l/fQew==",
      "dependencies": {
        "@types/country-data": "^0.0.2",
        "country-data": "^0.0.31",
        "fast-xml-parser": "^3.19.0",
        "node-fetch": "^2.6.1"
      },
      "engines": {
        "node": ">=10",
        "npm": ">=6"
      }
    },
    "node_modules/node-fetch": {
      "version": "2.6.1",
      "resolved": "https://registry.npmjs.org/node-fetch/-/node-fetch-2.6.1.tgz",
      "integrity": "sha512-V4aYg89jEoVRxRb2fJdAg8FHvI7cEyYdVAh94HH0UIK8oJxUfkjlDQN9RbMx+bEjP7+ggMiFRprSti032Oipxw==",
      "engines": {
        "node": "4.x || >=6.0.0"
      }
    },
    "node_modules/tslib": {
      "version": "2.3.0",
      "resolved": "https://registry.npmjs.org/tslib/-/tslib-2.3.0.tgz",
      "integrity": "sha512-N82ooyxVNm6h1riLCoyS9e3fuJ3AMG2zIZs2Gd1ATcSFjSA23Q0fzjjZeh0jbJvWVDZ0cJT8yaNNaaXHzueNjg=="
    },
    "node_modules/underscore": {
      "version": "1.13.1",
      "resolved": "https://registry.npmjs.org/underscore/-/underscore-1.13.1.tgz",
      "integrity": "sha512-hzSoAVtJF+3ZtiFX0VgfFPHEDRm7Y/QPjGyNo4TVdnDTdft3tr8hEkD25a1jC+TjTuE7tkHGKkhwCgs9dgBB2g=="
    }
  },
  "dependencies": {
    "@types/country-data": {
      "version": "0.0.2",
      "resolved": "https://registry.npmjs.org/@types/country-data/-/country-data-0.0.2.tgz",
      "integrity": "sha512-9TtlOfoHEMWojmAV1IoisMlM9kXGw4QDAamkXUiCZBtU9sY3187naTc1OXwD3QVE1mMkPZbBVdyjVdBu7wJlNA=="
    },
    "country-data": {
      "version": "0.0.31",
      "resolved": "https://registry.npmjs.org/country-data/-/country-data-0.0.31.tgz",
      "integrity": "sha1-gJZrjh0Uf6bWpYnTKTP4eTd0lW0=",
      "requires": {
        "currency-symbol-map": "~2",
        "underscore": ">1.4.4"
      }
    },
    "currency-symbol-map": {
      "version": "2.2.0",
      "resolved": "https://registry.npmjs.org/currency-symbol-map/-/currency-symbol-map-2.2.0.tgz",
      "integrity": "sha1-KzwYcv8aws5ZXYJz5Y4f/wJyrqI="
    },
    "fast-xml-parser": {
      "version": "3.19.0",
      "resolved": "https://registry.npmjs.org/fast-xml-parser/-/fast-xml-parser-3.19.0.tgz",
      "integrity": "sha512-4pXwmBplsCPv8FOY1WRakF970TjNGnGnfbOnLqjlYvMiF1SR3yOHyxMR/YCXpPTOspNF5gwudqktIP4VsWkvBg=="
    },
    "nintendo-switch-eshop": {
      "version": "6.0.1",
      "resolved": "https://registry.npmjs.org/nintendo-switch-eshop/-/nintendo-switch-eshop-6.0.1.tgz",
      "integrity": "sha512-2al1HIOuJtGwwulZwHWzKyNtVEmsQ6orPd4bWrkwhO6BSfyPuLY/YHIAJtZkYLb73YLTxUpF+Q+g6HV2l/fQew==",
      "requires": {
        "@types/country-data": "^0.0.2",
        "country-data": "^0.0.31",
        "fast-xml-parser": "^3.19.0",
        "node-fetch": "^2.6.1"
      }
    },
    "node-fetch": {
      "version": "2.6.1",
      "resolved": "https://registry.npmjs.org/node-fetch/-/node-fetch-2.6.1.tgz",
      "integrity": "sha512-V4aYg89jEoVRxRb2fJdAg8FHvI7cEyYdVAh94HH0UIK8oJxUfkjlDQN9RbMx+bEjP7+ggMiFRprSti032Oipxw=="
    },
    "tslib": {
      "version": "2.3.0",
      "resolved": "https://registry.npmjs.org/tslib/-/tslib-2.3.0.tgz",
      "integrity": "sha512-N82ooyxVNm6h1riLCoyS9e3fuJ3AMG2zIZs2Gd1ATcSFjSA23Q0fzjjZeh0jbJvWVDZ0cJT8yaNNaaXHzueNjg=="
    },
    "underscore": {
      "version": "1.13.1",
      "resolved": "https://registry.npmjs.org/underscore/-/underscore-1.13.1.tgz",
      "integrity": "sha512-hzSoAVtJF+3ZtiFX0VgfFPHEDRm7Y/QPjGyNo4TVdnDTdft3tr8hEkD25a1jC+TjTuE7tkHGKkhwCgs9dgBB2g=="
    }
  }
}
